
Microsoft Visual Studio Solution File, Format Version 12.00
# Visual Studio Version 17
VisualStudioVersion = 17.8.34316.72
MinimumVisualStudioVersion = 10.0.40219.1
Project("{9A19103F-16F7-4668-BE54-9A1E7A4F7556}") = "Isep", "Isep\Isep.csproj", "{F6121824-B0EC-44D9-B081-AE4EC17CE36C}"
EndProject
Project("{FAE04EC0-301F-11D3-BF4B-00C04F79EFBC}") = "DummyGenerator", "DummyGenerator\DummyGenerator.csproj", "{ADA7B351-CBE9-442D-A2E1-CE489EBCDC7F}"
EndProject
Global
	GlobalSection(SolutionConfigurationPlatforms) = preSolution
		Debug|Any CPU = Debug|Any CPU
		Release|Any CPU = Release|Any CPU
	EndGlobalSection
	GlobalSection(ProjectConfigurationPlatforms) = postSolution
		{F6121824-B0EC-44D9-B081-AE4EC17CE36C}.Debug|Any CPU.ActiveCfg = Debug|Any CPU
		{F6121824-B0EC-44D9-B081-AE4EC17CE36C}.Debug|Any CPU.Build.0 = Debug|Any CPU
		{F6121824-B0EC-44D9-B081-AE4EC17CE36C}.Release|Any CPU.ActiveCfg = Release|Any CPU
		{F6121824-B0EC-44D9-B081-AE4EC17CE36C}.Release|Any CPU.Build.0 = Release|Any CPU
		{ADA7B351-CBE9-442D-A2E1-CE489EBCDC7F}.Debug|Any CPU.ActiveCfg = Debug|Any CPU
		{ADA7B351-CBE9-442D-A2E1-CE489EBCDC7F}.Debug|Any CPU.Build.0 = Debug|Any CPU
		{ADA7B351-CBE9-442D-A2E1-CE489EBCDC7F}.Release|Any CPU.ActiveCfg = Release|Any CPU
		{ADA7B351-CBE9-442D-A2E1-CE489EBCDC7F}.Release|Any CPU.Build.0 = Release|Any CPU
	EndGlobalSection
	GlobalSection(SolutionProperties) = preSolution
		HideSolutionNode = FALSE
	EndGlobalSection
	GlobalSection(ExtensibilityGlobals) = postSolution
		SolutionGuid = {4173842F-EEA4-4D20-B57A-5D63C99164A6}
	EndGlobalSection
EndGlobal
